
Microsoft Visual Studio Solution File, Format Version 12.00
# Visual Studio 2012
Project("{FAE04EC0-301F-11D3-BF4B-00C04F79EFBC}") = "Lingo", "Lingo\Lingo.csproj", "{38E6A3F0-9E64-4A20-8F52-933B7592D56D}"
EndProject
Global
	GlobalSection(SolutionConfigurationPlatforms) = preSolution
		Debug|Any CPU = Debug|Any CPU
		Release|Any CPU = Release|Any CPU
	EndGlobalSection
	GlobalSection(ProjectConfigurationPlatforms) = postSolution
		{38E6A3F0-9E64-4A20-8F52-933B7592D56D}.Debug|Any CPU.ActiveCfg = Debug|Any CPU
		{38E6A3F0-9E64-4A20-8F52-933B7592D56D}.Debug|Any CPU.Build.0 = Debug|Any CPU
		{38E6A3F0-9E64-4A20-8F52-933B7592D56D}.Release|Any CPU.ActiveCfg = Release|Any CPU
		{38E6A3F0-9E64-4A20-8F52-933B7592D56D}.Release|Any CPU.Build.0 = Release|Any CPU
	EndGlobalSection
	GlobalSection(SolutionProperties) = preSolution
		HideSolutionNode = FALSE
	EndGlobalSection
EndGlobal
